
Microsoft Visual Studio Solution File, Format Version 12.00
# Visual Studio Version 18
VisualStudioVersion = 18.5.11716.220
MinimumVisualStudioVersion = 10.0.40219.1
Project("{888888A0-9F3D-457C-B088-3A5042F75D52}") = "AnitoScan", "AnitoScan.pyproj", "{94CF0D1B-D0D3-4FD9-B19C-56DA0CD4EE34}"
EndProject
Global
	GlobalSection(SolutionConfigurationPlatforms) = preSolution
		Debug|Any CPU = Debug|Any CPU
		Release|Any CPU = Release|Any CPU
	EndGlobalSection
	GlobalSection(ProjectConfigurationPlatforms) = postSolution
		{94CF0D1B-D0D3-4FD9-B19C-56DA0CD4EE34}.Debug|Any CPU.ActiveCfg = Debug|Any CPU
		{94CF0D1B-D0D3-4FD9-B19C-56DA0CD4EE34}.Release|Any CPU.ActiveCfg = Release|Any CPU
	EndGlobalSection
	GlobalSection(SolutionProperties) = preSolution
		HideSolutionNode = FALSE
	EndGlobalSection
	GlobalSection(ExtensibilityGlobals) = postSolution
		SolutionGuid = {5B17DB37-B896-4A00-8B37-E729D701AB18}
	EndGlobalSection
EndGlobal
